Microsoft Visual Studio Solution File, Format Version 12.00
# Visual Studio Version 17
VisualStudioVersion = 17.0.31903.59
MinimumVisualStudioVersion = 10.0.40219.1
Project("{FAE04EC0-301F-11D3-BF4B-00C04F79EFBC}") = "SqlServerExcelExporter.Core", "src\SqlServerExcelExporter.Core\SqlServerExcelExporter.Core.csproj", "{0F4EE72A-4040-4C49-BDE7-26FE21F9E601}"
EndProject
Project("{FAE04EC0-301F-11D3-BF4B-00C04F79EFBC}") = "SqlServerExcelExporter.App", "src\SqlServerExcelExporter.App\SqlServerExcelExporter.App.csproj", "{B0A767B0-AFD4-4F70-8A88-82F02770A589}"
EndProject
Project("{FAE04EC0-301F-11D3-BF4B-00C04F79EFBC}") = "SqlServerExcelExporter.Tests", "tests\SqlServerExcelExporter.Tests\SqlServerExcelExporter.Tests.csproj", "{B7D6C5CC-C548-40CD-B328-76AAB9E3FA10}"
EndProject
Global
	GlobalSection(SolutionConfigurationPlatforms) = preSolution
		Debug|Any CPU = Debug|Any CPU
		Release|Any CPU = Release|Any CPU
	EndGlobalSection
	GlobalSection(ProjectConfigurationPlatforms) = postSolution
		{0F4EE72A-4040-4C49-BDE7-26FE21F9E601}.Debug|Any CPU.ActiveCfg = Debug|Any CPU
		{0F4EE72A-4040-4C49-BDE7-26FE21F9E601}.Debug|Any CPU.Build.0 = Debug|Any CPU
		{0F4EE72A-4040-4C49-BDE7-26FE21F9E601}.Release|Any CPU.ActiveCfg = Release|Any CPU
		{0F4EE72A-4040-4C49-BDE7-26FE21F9E601}.Release|Any CPU.Build.0 = Release|Any CPU
		{B0A767B0-AFD4-4F70-8A88-82F02770A589}.Debug|Any CPU.ActiveCfg = Debug|Any CPU
		{B0A767B0-AFD4-4F70-8A88-82F02770A589}.Debug|Any CPU.Build.0 = Debug|Any CPU
		{B0A767B0-AFD4-4F70-8A88-82F02770A589}.Release|Any CPU.ActiveCfg = Release|Any CPU
		{B0A767B0-AFD4-4F70-8A88-82F02770A589}.Release|Any CPU.Build.0 = Release|Any CPU
		{B7D6C5CC-C548-40CD-B328-76AAB9E3FA10}.Debug|Any CPU.ActiveCfg = Debug|Any CPU
		{B7D6C5CC-C548-40CD-B328-76AAB9E3FA10}.Debug|Any CPU.Build.0 = Debug|Any CPU
		{B7D6C5CC-C548-40CD-B328-76AAB9E3FA10}.Release|Any CPU.ActiveCfg = Release|Any CPU
		{B7D6C5CC-C548-40CD-B328-76AAB9E3FA10}.Release|Any CPU.Build.0 = Release|Any CPU
	EndGlobalSection
	GlobalSection(SolutionProperties) = preSolution
		HideSolutionNode = FALSE
	EndGlobalSection
EndGlobal
